
Microsoft Visual Studio Solution File, Format Version 12.00
# Visual Studio Version 17
VisualStudioVersion = 17.3.32929.385
MinimumVisualStudioVersion = 10.0.40219.1
Project("{9A19103F-16F7-4668-BE54-9A1E7A4F7556}") = "DietApp", "DietApp\DietApp.csproj", "{073AFDD1-32DE-436B-90F3-E4FF640064A5}"
EndProject
Global
	GlobalSection(SolutionConfigurationPlatforms) = preSolution
		Debug|Any CPU = Debug|Any CPU
		Release|Any CPU = Release|Any CPU
	EndGlobalSection
	GlobalSection(ProjectConfigurationPlatforms) = postSolution
		{073AFDD1-32DE-436B-90F3-E4FF640064A5}.Debug|Any CPU.ActiveCfg = Debug|Any CPU
		{073AFDD1-32DE-436B-90F3-E4FF640064A5}.Debug|Any CPU.Build.0 = Debug|Any CPU
		{073AFDD1-32DE-436B-90F3-E4FF640064A5}.Release|Any CPU.ActiveCfg = Release|Any CPU
		{073AFDD1-32DE-436B-90F3-E4FF640064A5}.Release|Any CPU.Build.0 = Release|Any CPU
	EndGlobalSection
	GlobalSection(SolutionProperties) = preSolution
		HideSolutionNode = FALSE
	EndGlobalSection
	GlobalSection(ExtensibilityGlobals) = postSolution
		SolutionGuid = {AAABA553-5111-44B9-802A-BB19B0B41B4A}
	EndGlobalSection
EndGlobal
